
Microsoft Visual Studio Solution File, Format Version 12.00
# Visual Studio Version 17
VisualStudioVersion = 17.7.34018.315
MinimumVisualStudioVersion = 10.0.40219.1
Project("{FAE04EC0-301F-11D3-BF4B-00C04F79EFBC}") = "Project_11_Quadratic_Equation", "Project_11\Project_11_Quadratic_Equation.csproj", "{C06D39B8-ADD5-42B4-BF5C-6239961924FD}"
EndProject
Project("{FAE04EC0-301F-11D3-BF4B-00C04F79EFBC}") = "Project_10_Garland", "Project_10\Project_10_Garland.csproj", "{CF7C0CD1-EEAD-42B3-A67F-764BF3790DC2}"
EndProject
Project("{FAE04EC0-301F-11D3-BF4B-00C04F79EFBC}") = "Project_13_Dot", "Project_13\Project_13_Dot.csproj", "{5991CBCE-4931-4E69-AE2B-D208FF7108AD}"
EndProject
Global
	GlobalSection(SolutionConfigurationPlatforms) = preSolution
		Debug|Any CPU = Debug|Any CPU
		Release|Any CPU = Release|Any CPU
	EndGlobalSection
	GlobalSection(ProjectConfigurationPlatforms) = postSolution
		{C06D39B8-ADD5-42B4-BF5C-6239961924FD}.Debug|Any CPU.ActiveCfg = Debug|Any CPU
		{C06D39B8-ADD5-42B4-BF5C-6239961924FD}.Debug|Any CPU.Build.0 = Debug|Any CPU
		{C06D39B8-ADD5-42B4-BF5C-6239961924FD}.Release|Any CPU.ActiveCfg = Release|Any CPU
		{C06D39B8-ADD5-42B4-BF5C-6239961924FD}.Release|Any CPU.Build.0 = Release|Any CPU
		{CF7C0CD1-EEAD-42B3-A67F-764BF3790DC2}.Debug|Any CPU.ActiveCfg = Debug|Any CPU
		{CF7C0CD1-EEAD-42B3-A67F-764BF3790DC2}.Debug|Any CPU.Build.0 = Debug|Any CPU
		{CF7C0CD1-EEAD-42B3-A67F-764BF3790DC2}.Release|Any CPU.ActiveCfg = Release|Any CPU
		{CF7C0CD1-EEAD-42B3-A67F-764BF3790DC2}.Release|Any CPU.Build.0 = Release|Any CPU
		{5991CBCE-4931-4E69-AE2B-D208FF7108AD}.Debug|Any CPU.ActiveCfg = Debug|Any CPU
		{5991CBCE-4931-4E69-AE2B-D208FF7108AD}.Debug|Any CPU.Build.0 = Debug|Any CPU
		{5991CBCE-4931-4E69-AE2B-D208FF7108AD}.Release|Any CPU.ActiveCfg = Release|Any CPU
		{5991CBCE-4931-4E69-AE2B-D208FF7108AD}.Release|Any CPU.Build.0 = Release|Any CPU
	EndGlobalSection
	GlobalSection(SolutionProperties) = preSolution
		HideSolutionNode = FALSE
	EndGlobalSection
	GlobalSection(ExtensibilityGlobals) = postSolution
		SolutionGuid = {249D5C1F-745B-4150-A32C-BF6E1DA9D7AA}
	EndGlobalSection
EndGlobal
